
Microsoft Visual Studio Solution File, Format Version 12.00
# Visual Studio Version 17
VisualStudioVersion = 17.7.34031.279
MinimumVisualStudioVersion = 10.0.40219.1
Project("{FAE04EC0-301F-11D3-BF4B-00C04F79EFBC}") = "AppServiceShubhamDemo", "AppServiceShubhamDemo\AppServiceShubhamDemo.csproj", "{1DECB604-F62A-4BC3-8D63-B056C92754CE}"
EndProject
Global
	GlobalSection(SolutionConfigurationPlatforms) = preSolution
		Debug|Any CPU = Debug|Any CPU
		Release|Any CPU = Release|Any CPU
	EndGlobalSection
	GlobalSection(ProjectConfigurationPlatforms) = postSolution
		{1DECB604-F62A-4BC3-8D63-B056C92754CE}.Debug|Any CPU.ActiveCfg = Debug|Any CPU
		{1DECB604-F62A-4BC3-8D63-B056C92754CE}.Debug|Any CPU.Build.0 = Debug|Any CPU
		{1DECB604-F62A-4BC3-8D63-B056C92754CE}.Release|Any CPU.ActiveCfg = Release|Any CPU
		{1DECB604-F62A-4BC3-8D63-B056C92754CE}.Release|Any CPU.Build.0 = Release|Any CPU
	EndGlobalSection
	GlobalSection(SolutionProperties) = preSolution
		HideSolutionNode = FALSE
	EndGlobalSection
	GlobalSection(ExtensibilityGlobals) = postSolution
		SolutionGuid = {620F912F-6425-460B-871A-8DC55BE9ED48}
	EndGlobalSection
EndGlobal
